
Microsoft Visual Studio Solution File, Format Version 12.00
# Visual Studio Version 16
VisualStudioVersion = 16.0.30717.126
MinimumVisualStudioVersion = 10.0.40219.1
Project("{FAE04EC0-301F-11D3-BF4B-00C04F79EFBC}") = "TextClusterizer.Model", "TextClusterizer.Model\TextClusterizer.Model.csproj", "{747368B8-1B08-49BA-BDE2-A3CE13C90223}"
EndProject
Global
	GlobalSection(SolutionConfigurationPlatforms) = preSolution
		Debug|Any CPU = Debug|Any CPU
		Release|Any CPU = Release|Any CPU
	EndGlobalSection
	GlobalSection(ProjectConfigurationPlatforms) = postSolution
		{747368B8-1B08-49BA-BDE2-A3CE13C90223}.Debug|Any CPU.ActiveCfg = Debug|Any CPU
		{747368B8-1B08-49BA-BDE2-A3CE13C90223}.Debug|Any CPU.Build.0 = Debug|Any CPU
		{747368B8-1B08-49BA-BDE2-A3CE13C90223}.Release|Any CPU.ActiveCfg = Release|Any CPU
		{747368B8-1B08-49BA-BDE2-A3CE13C90223}.Release|Any CPU.Build.0 = Release|Any CPU
	EndGlobalSection
	GlobalSection(SolutionProperties) = preSolution
		HideSolutionNode = FALSE
	EndGlobalSection
	GlobalSection(ExtensibilityGlobals) = postSolution
		SolutionGuid = {BAAD42F5-6D57-4E9F-BDA5-B69B0084210B}
	EndGlobalSection
EndGlobal
